
Microsoft Visual Studio Solution File, Format Version 12.00
Project("{FAE04EC0-301F-11D3-BF4B-00C04F79EFBC}") = "AutoVer", "src\AutoVer\AutoVer.csproj", "{CE8C8DDF-AC7A-438D-B567-123B225174DE}"
EndProject
Project("{2150E333-8FDC-42A3-9474-1A3956D46DE8}") = "src", "src", "{366D3532-5CDA-4C28-B6AF-DD349125DA74}"
EndProject
Project("{2150E333-8FDC-42A3-9474-1A3956D46DE8}") = "test", "test", "{72CFA509-C89A-4F8E-9882-73DE14EB4BC8}"
EndProject
Project("{FAE04EC0-301F-11D3-BF4B-00C04F79EFBC}") = "AutoVer.UnitTests", "test\AutoVer.UnitTests\AutoVer.UnitTests.csproj", "{C10502DA-7EB9-4610-A8C2-A4FC9E14B326}"
EndProject
Global
	GlobalSection(SolutionConfigurationPlatforms) = preSolution
		Debug|Any CPU = Debug|Any CPU
		Release|Any CPU = Release|Any CPU
	EndGlobalSection
	GlobalSection(ProjectConfigurationPlatforms) = postSolution
		{29CB6D0A-C188-46C5-86B6-DCD87415D00B}.Debug|Any CPU.ActiveCfg = Debug|Any CPU
		{29CB6D0A-C188-46C5-86B6-DCD87415D00B}.Debug|Any CPU.Build.0 = Debug|Any CPU
		{29CB6D0A-C188-46C5-86B6-DCD87415D00B}.Release|Any CPU.ActiveCfg = Release|Any CPU
		{29CB6D0A-C188-46C5-86B6-DCD87415D00B}.Release|Any CPU.Build.0 = Release|Any CPU
		{CE8C8DDF-AC7A-438D-B567-123B225174DE}.Debug|Any CPU.ActiveCfg = Debug|Any CPU
		{CE8C8DDF-AC7A-438D-B567-123B225174DE}.Debug|Any CPU.Build.0 = Debug|Any CPU
		{CE8C8DDF-AC7A-438D-B567-123B225174DE}.Release|Any CPU.ActiveCfg = Release|Any CPU
		{CE8C8DDF-AC7A-438D-B567-123B225174DE}.Release|Any CPU.Build.0 = Release|Any CPU
		{C10502DA-7EB9-4610-A8C2-A4FC9E14B326}.Debug|Any CPU.ActiveCfg = Debug|Any CPU
		{C10502DA-7EB9-4610-A8C2-A4FC9E14B326}.Debug|Any CPU.Build.0 = Debug|Any CPU
		{C10502DA-7EB9-4610-A8C2-A4FC9E14B326}.Release|Any CPU.ActiveCfg = Release|Any CPU
		{C10502DA-7EB9-4610-A8C2-A4FC9E14B326}.Release|Any CPU.Build.0 = Release|Any CPU
	EndGlobalSection
	GlobalSection(NestedProjects) = preSolution
		{CE8C8DDF-AC7A-438D-B567-123B225174DE} = {366D3532-5CDA-4C28-B6AF-DD349125DA74}
		{C10502DA-7EB9-4610-A8C2-A4FC9E14B326} = {72CFA509-C89A-4F8E-9882-73DE14EB4BC8}
	EndGlobalSection
EndGlobal
